
Microsoft Visual Studio Solution File, Format Version 12.00
# Visual Studio Version 17
VisualStudioVersion = 17.5.33530.505
MinimumVisualStudioVersion = 10.0.40219.1
Project("{FAE04EC0-301F-11D3-BF4B-00C04F79EFBC}") = "LanchesAlmeida", "LanchesAlmeida\LanchesAlmeida.csproj", "{B7FF88B1-F72E-44FF-8683-EC514EC5520B}"
EndProject
Global
	GlobalSection(SolutionConfigurationPlatforms) = preSolution
		Debug|Any CPU = Debug|Any CPU
		Release|Any CPU = Release|Any CPU
	EndGlobalSection
	GlobalSection(ProjectConfigurationPlatforms) = postSolution
		{B7FF88B1-F72E-44FF-8683-EC514EC5520B}.Debug|Any CPU.ActiveCfg = Debug|Any CPU
		{B7FF88B1-F72E-44FF-8683-EC514EC5520B}.Debug|Any CPU.Build.0 = Debug|Any CPU
		{B7FF88B1-F72E-44FF-8683-EC514EC5520B}.Release|Any CPU.ActiveCfg = Release|Any CPU
		{B7FF88B1-F72E-44FF-8683-EC514EC5520B}.Release|Any CPU.Build.0 = Release|Any CPU
	EndGlobalSection
	GlobalSection(SolutionProperties) = preSolution
		HideSolutionNode = FALSE
	EndGlobalSection
	GlobalSection(ExtensibilityGlobals) = postSolution
		SolutionGuid = {44BF4EAF-2D2C-4BA0-8B59-6D9B7EF28345}
	EndGlobalSection
EndGlobal
